
Microsoft Visual Studio Solution File, Format Version 12.00
# Visual Studio 2013
VisualStudioVersion = 12.0.30324.0
MinimumVisualStudioVersion = 10.0.40219.1
Project("{FAE04EC0-301F-11D3-BF4B-00C04F79EFBC}") = "TodoistLabelSyncConsole", "TodoistLabelSyncConsole\TodoistLabelSyncConsole.csproj", "{253824EF-306B-4CD7-86C9-7EBC97E063D0}"
EndProject
Project("{FAE04EC0-301F-11D3-BF4B-00C04F79EFBC}") = "TodoistLabelSync", "TodoistLabelSync\TodoistLabelSync.csproj", "{F70B39D9-5EFA-472A-9891-F9E41983A12B}"
EndProject
Global
	GlobalSection(TeamFoundationVersionControl) = preSolution
		SccNumberOfProjects = 3
		SccEnterpriseProvider = {4CA58AB2-18FA-4F8D-95D4-32DDF27D184C}
		SccTeamFoundationServer = https://drybones.visualstudio.com/defaultcollection
		SccLocalPath0 = .
		SccProjectUniqueName1 = TodoistLabelSyncConsole\\TodoistLabelSyncConsole.csproj
		SccProjectName1 = TodoistLabelSyncConsole
		SccLocalPath1 = TodoistLabelSyncConsole
		SccProjectUniqueName2 = TodoistLabelSync\\TodoistLabelSync.csproj
		SccProjectName2 = TodoistLabelSync
		SccLocalPath2 = TodoistLabelSync
	EndGlobalSection
	GlobalSection(SolutionConfigurationPlatforms) = preSolution
		Debug|Any CPU = Debug|Any CPU
		Release|Any CPU = Release|Any CPU
	EndGlobalSection
	GlobalSection(ProjectConfigurationPlatforms) = postSolution
		{253824EF-306B-4CD7-86C9-7EBC97E063D0}.Debug|Any CPU.ActiveCfg = Debug|Any CPU
		{253824EF-306B-4CD7-86C9-7EBC97E063D0}.Debug|Any CPU.Build.0 = Debug|Any CPU
		{253824EF-306B-4CD7-86C9-7EBC97E063D0}.Release|Any CPU.ActiveCfg = Release|Any CPU
		{253824EF-306B-4CD7-86C9-7EBC97E063D0}.Release|Any CPU.Build.0 = Release|Any CPU
		{F70B39D9-5EFA-472A-9891-F9E41983A12B}.Debug|Any CPU.ActiveCfg = Debug|Any CPU
		{F70B39D9-5EFA-472A-9891-F9E41983A12B}.Debug|Any CPU.Build.0 = Debug|Any CPU
		{F70B39D9-5EFA-472A-9891-F9E41983A12B}.Release|Any CPU.ActiveCfg = Release|Any CPU
		{F70B39D9-5EFA-472A-9891-F9E41983A12B}.Release|Any CPU.Build.0 = Release|Any CPU
	EndGlobalSection
	GlobalSection(SolutionProperties) = preSolution
		HideSolutionNode = FALSE
	EndGlobalSection
EndGlobal
